// !$*UTF8*$!
{
	archiveVersion = 1;
	classes = {
	};
	objectVersion = 56;
	objects = {

/* Begin PBXBuildFile section */
		6D8B7FA82B272A5100768030 /* AppDelegate.swift in Sources */ = {isa = PBXBuildFile; fileRef = 6D8B7FA72B272A5100768030 /* AppDelegate.swift */; };
		6D8B7FAA2B272A5100768030 /* SceneDelegate.swift in Sources */ = {isa = PBXBuildFile; fileRef = 6D8B7FA92B272A5100768030 /* SceneDelegate.swift */; };
		6D8B7FAC2B272A5100768030 /* CharactersListViewController.swift in Sources */ = {isa = PBXBuildFile; fileRef = 6D8B7FAB2B272A5100768030 /* CharactersListViewController.swift */; };
		6D8B7FAF2B272A5100768030 /* Main.storyboard in Resources */ = {isa = PBXBuildFile; fileRef = 6D8B7FAD2B272A5100768030 /* Main.storyboard */; };
		6D8B7FB12B272A5200768030 /* Assets.xcassets in Resources */ = {isa = PBXBuildFile; fileRef = 6D8B7FB02B272A5200768030 /* Assets.xcassets */; };
		6D8B7FB42B272A5200768030 /* LaunchScreen.storyboard in Resources */ = {isa = PBXBuildFile; fileRef = 6D8B7FB22B272A5200768030 /* LaunchScreen.storyboard */; };
		6D8B7FBF2B272A9800768030 /* APIClient.swift in Sources */ = {isa = PBXBuildFile; fileRef = 6D8B7FBE2B272A9700768030 /* APIClient.swift */; };
		6D8B7FC12B272B7C00768030 /* CharacterModelResponse.swift in Sources */ = {isa = PBXBuildFile; fileRef = 6D8B7FC02B272B7C00768030 /* CharacterModelResponse.swift */; };
		6D8B7FC32B272B9700768030 /* CharacterModel.swift in Sources */ = {isa = PBXBuildFile; fileRef = 6D8B7FC22B272B9700768030 /* CharacterModel.swift */; };
		6D8B7FC52B272C0600768030 /* CharactersListView.swift in Sources */ = {isa = PBXBuildFile; fileRef = 6D8B7FC42B272C0600768030 /* CharactersListView.swift */; };
		6D8B7FC72B272D0300768030 /* CharacterListCellView.swift in Sources */ = {isa = PBXBuildFile; fileRef = 6D8B7FC62B272D0300768030 /* CharacterListCellView.swift */; };
		6D8B7FC92B27310200768030 /* CharactersListTableViewDataSource.swift in Sources */ = {isa = PBXBuildFile; fileRef = 6D8B7FC82B27310200768030 /* CharactersListTableViewDataSource.swift */; };
		6D8B7FCC2B27336F00768030 /* Kingfisher in Frameworks */ = {isa = PBXBuildFile; productRef = 6D8B7FCB2B27336F00768030 /* Kingfisher */; };
		6D8B7FCE2B2733CE00768030 /* CharacterListTableViewDelegate.swift in Sources */ = {isa = PBXBuildFile; fileRef = 6D8B7FCD2B2733CE00768030 /* CharacterListTableViewDelegate.swift */; };
		6D8B7FD52B27357A00768030 /* CharacterDetailView.swift in Sources */ = {isa = PBXBuildFile; fileRef = 6D8B7FD42B27357A00768030 /* CharacterDetailView.swift */; };
		6D8B7FD92B27362800768030 /* CharacterDetailViewController.swift in Sources */ = {isa = PBXBuildFile; fileRef = 6D8B7FD82B27362800768030 /* CharacterDetailViewController.swift */; };
		6D8B7FDC2B2737BD00768030 /* Coordinator.swift in Sources */ = {isa = PBXBuildFile; fileRef = 6D8B7FDB2B2737BD00768030 /* Coordinator.swift */; };
		6D8B7FDE2B27381800768030 /* CharacterListCoordinator.swift in Sources */ = {isa = PBXBuildFile; fileRef = 6D8B7FDD2B27381800768030 /* CharacterListCoordinator.swift */; };
		6D8B7FE02B27396D00768030 /* CharacterDetailPushCoordinator.swift in Sources */ = {isa = PBXBuildFile; fileRef = 6D8B7FDF2B27396D00768030 /* CharacterDetailPushCoordinator.swift */; };
		6D8B7FEA2B276B4D00768030 /* CacheCharacterListDataSourceType.swift in Sources */ = {isa = PBXBuildFile; fileRef = 6D8B7FE92B276B4D00768030 /* CacheCharacterListDataSourceType.swift */; };
		6D8B7FED2B276BAF00768030 /* SwiftDataContainer.swift in Sources */ = {isa = PBXBuildFile; fileRef = 6D8B7FEC2B276BAF00768030 /* SwiftDataContainer.swift */; };
		6D8B7FEF2B276BC500768030 /* SwiftDataContainerType.swift in Sources */ = {isa = PBXBuildFile; fileRef = 6D8B7FEE2B276BC500768030 /* SwiftDataContainerType.swift */; };
		6D8B7FF12B276C5100768030 /* CharacterModelData.swift in Sources */ = {isa = PBXBuildFile; fileRef = 6D8B7FF02B276C5100768030 /* CharacterModelData.swift */; };
		6D8B7FF32B276D1900768030 /* SwiftDataCacheDataSource.swift in Sources */ = {isa = PBXBuildFile; fileRef = 6D8B7FF22B276D1900768030 /* SwiftDataCacheDataSource.swift */; };
/* End PBXBuildFile section */

/* Begin PBXFileReference section */
		6D8B7FA42B272A5100768030 /* RickAndMorty.app */ = {isa = PBXFileReference; explicitFileType = wrapper.application; includeInIndex = 0; path = RickAndMorty.app; sourceTree = BUILT_PRODUCTS_DIR; };
		6D8B7FA72B272A5100768030 /* AppDelegate.swift */ = {isa = PBXFileReference; lastKnownFileType = sourcecode.swift; path = AppDelegate.swift; sourceTree = "<group>"; };
		6D8B7FA92B272A5100768030 /* SceneDelegate.swift */ = {isa = PBXFileReference; lastKnownFileType = sourcecode.swift; path = SceneDelegate.swift; sourceTree = "<group>"; };
		6D8B7FAB2B272A5100768030 /* CharactersListViewController.swift */ = {isa = PBXFileReference; lastKnownFileType = sourcecode.swift; path = CharactersListViewController.swift; sourceTree = "<group>"; };
		6D8B7FAE2B272A5100768030 /* Base */ = {isa = PBXFileReference; lastKnownFileType = file.storyboard; name = Base; path = Base.lproj/Main.storyboard; sourceTree = "<group>"; };
		6D8B7FB02B272A5200768030 /* Assets.xcassets */ = {isa = PBXFileReference; lastKnownFileType = folder.assetcatalog; path = Assets.xcassets; sourceTree = "<group>"; };
		6D8B7FB32B272A5200768030 /* Base */ = {isa = PBXFileReference; lastKnownFileType = file.storyboard; name = Base; path = Base.lproj/LaunchScreen.storyboard; sourceTree = "<group>"; };
		6D8B7FB52B272A5200768030 /* Info.plist */ = {isa = PBXFileReference; lastKnownFileType = text.plist.xml; path = Info.plist; sourceTree = "<group>"; };
		6D8B7FBE2B272A9700768030 /* APIClient.swift */ = {isa = PBXFileReference; lastKnownFileType = sourcecode.swift; path = APIClient.swift; sourceTree = "<group>"; };
		6D8B7FC02B272B7C00768030 /* CharacterModelResponse.swift */ = {isa = PBXFileReference; lastKnownFileType = sourcecode.swift; path = CharacterModelResponse.swift; sourceTree = "<group>"; };
		6D8B7FC22B272B9700768030 /* CharacterModel.swift */ = {isa = PBXFileReference; lastKnownFileType = sourcecode.swift; path = CharacterModel.swift; sourceTree = "<group>"; };
		6D8B7FC42B272C0600768030 /* CharactersListView.swift */ = {isa = PBXFileReference; lastKnownFileType = sourcecode.swift; path = CharactersListView.swift; sourceTree = "<group>"; };
		6D8B7FC62B272D0300768030 /* CharacterListCellView.swift */ = {isa = PBXFileReference; lastKnownFileType = sourcecode.swift; path = CharacterListCellView.swift; sourceTree = "<group>"; };
		6D8B7FC82B27310200768030 /* CharactersListTableViewDataSource.swift */ = {isa = PBXFileReference; lastKnownFileType = sourcecode.swift; path = CharactersListTableViewDataSource.swift; sourceTree = "<group>"; };
		6D8B7FCD2B2733CE00768030 /* CharacterListTableViewDelegate.swift */ = {isa = PBXFileReference; lastKnownFileType = sourcecode.swift; path = CharacterListTableViewDelegate.swift; sourceTree = "<group>"; };
		6D8B7FD42B27357A00768030 /* CharacterDetailView.swift */ = {isa = PBXFileReference; lastKnownFileType = sourcecode.swift; path = CharacterDetailView.swift; sourceTree = "<group>"; };
		6D8B7FD82B27362800768030 /* CharacterDetailViewController.swift */ = {isa = PBXFileReference; lastKnownFileType = sourcecode.swift; path = CharacterDetailViewController.swift; sourceTree = "<group>"; };
		6D8B7FDB2B2737BD00768030 /* Coordinator.swift */ = {isa = PBXFileReference; lastKnownFileType = sourcecode.swift; path = Coordinator.swift; sourceTree = "<group>"; };
		6D8B7FDD2B27381800768030 /* CharacterListCoordinator.swift */ = {isa = PBXFileReference; lastKnownFileType = sourcecode.swift; path = CharacterListCoordinator.swift; sourceTree = "<group>"; };
		6D8B7FDF2B27396D00768030 /* CharacterDetailPushCoordinator.swift */ = {isa = PBXFileReference; lastKnownFileType = sourcecode.swift; path = CharacterDetailPushCoordinator.swift; sourceTree = "<group>"; };
		6D8B7FE92B276B4D00768030 /* CacheCharacterListDataSourceType.swift */ = {isa = PBXFileReference; lastKnownFileType = sourcecode.swift; path = CacheCharacterListDataSourceType.swift; sourceTree = "<group>"; };
		6D8B7FEC2B276BAF00768030 /* SwiftDataContainer.swift */ = {isa = PBXFileReference; lastKnownFileType = sourcecode.swift; path = SwiftDataContainer.swift; sourceTree = "<group>"; };
		6D8B7FEE2B276BC500768030 /* SwiftDataContainerType.swift */ = {isa = PBXFileReference; lastKnownFileType = sourcecode.swift; path = SwiftDataContainerType.swift; sourceTree = "<group>"; };
		6D8B7FF02B276C5100768030 /* CharacterModelData.swift */ = {isa = PBXFileReference; lastKnownFileType = sourcecode.swift; path = CharacterModelData.swift; sourceTree = "<group>"; };
		6D8B7FF22B276D1900768030 /* SwiftDataCacheDataSource.swift */ = {isa = PBXFileReference; lastKnownFileType = sourcecode.swift; path = SwiftDataCacheDataSource.swift; sourceTree = "<group>"; };
/* End PBXFileReference section */

/* Begin PBXFrameworksBuildPhase section */
		6D8B7FA12B272A5100768030 /* Frameworks */ = {
			isa = PBXFrameworksBuildPhase;
			buildActionMask = 2147483647;
			files = (
				6D8B7FCC2B27336F00768030 /* Kingfisher in Frameworks */,
			);
			runOnlyForDeploymentPostprocessing = 0;
		};
/* End PBXFrameworksBuildPhase section */

/* Begin PBXGroup section */
		6D8B7F9B2B272A5100768030 = {
			isa = PBXGroup;
			children = (
				6D8B7FA62B272A5100768030 /* RickAndMorty */,
				6D8B7FA52B272A5100768030 /* Products */,
			);
			sourceTree = "<group>";
		};
		6D8B7FA52B272A5100768030 /* Products */ = {
			isa = PBXGroup;
			children = (
				6D8B7FA42B272A5100768030 /* RickAndMorty.app */,
			);
			name = Products;
			sourceTree = "<group>";
		};
		6D8B7FA62B272A5100768030 /* RickAndMorty */ = {
			isa = PBXGroup;
			children = (
				6D8B7FA72B272A5100768030 /* AppDelegate.swift */,
				6D8B7FA92B272A5100768030 /* SceneDelegate.swift */,
				6D8B7FDA2B2737AF00768030 /* Coordinators */,
				6D8B7FCF2B27351400768030 /* CharacterList */,
				6D8B7FD02B27353C00768030 /* CharacterDetail */,
				6D8B7FB02B272A5200768030 /* Assets.xcassets */,
				6D8B7FB22B272A5200768030 /* LaunchScreen.storyboard */,
				6D8B7FB52B272A5200768030 /* Info.plist */,
			);
			path = RickAndMorty;
			sourceTree = "<group>";
		};
		6D8B7FBB2B272A5900768030 /* Model */ = {
			isa = PBXGroup;
			children = (
				6D8B7FBE2B272A9700768030 /* APIClient.swift */,
				6D8B7FC02B272B7C00768030 /* CharacterModelResponse.swift */,
				6D8B7FC22B272B9700768030 /* CharacterModel.swift */,
			);
			path = Model;
			sourceTree = "<group>";
		};
		6D8B7FBC2B272A5D00768030 /* View */ = {
			isa = PBXGroup;
			children = (
				6D8B7FC42B272C0600768030 /* CharactersListView.swift */,
				6D8B7FC62B272D0300768030 /* CharacterListCellView.swift */,
				6D8B7FAD2B272A5100768030 /* Main.storyboard */,
			);
			path = View;
			sourceTree = "<group>";
		};
		6D8B7FBD2B272A6200768030 /* Controller */ = {
			isa = PBXGroup;
			children = (
				6D8B7FEB2B276BA100768030 /* Cache */,
				6D8B7FAB2B272A5100768030 /* CharactersListViewController.swift */,
				6D8B7FC82B27310200768030 /* CharactersListTableViewDataSource.swift */,
				6D8B7FCD2B2733CE00768030 /* CharacterListTableViewDelegate.swift */,
			);
			path = Controller;
			sourceTree = "<group>";
		};
		6D8B7FCF2B27351400768030 /* CharacterList */ = {
			isa = PBXGroup;
			children = (
				6D8B7FBB2B272A5900768030 /* Model */,
				6D8B7FBC2B272A5D00768030 /* View */,
				6D8B7FBD2B272A6200768030 /* Controller */,
			);
			path = CharacterList;
			sourceTree = "<group>";
		};
		6D8B7FD02B27353C00768030 /* CharacterDetail */ = {
			isa = PBXGroup;
			children = (
				6D8B7FD12B27354800768030 /* Model */,
				6D8B7FD22B27354C00768030 /* View */,
				6D8B7FD32B27355100768030 /* Controller */,
			);
			path = CharacterDetail;
			sourceTree = "<group>";
		};
		6D8B7FD12B27354800768030 /* Model */ = {
			isa = PBXGroup;
			children = (
			);
			path = Model;
			sourceTree = "<group>";
		};
		6D8B7FD22B27354C00768030 /* View */ = {
			isa = PBXGroup;
			children = (
				6D8B7FD42B27357A00768030 /* CharacterDetailView.swift */,
			);
			path = View;
			sourceTree = "<group>";
		};
		6D8B7FD32B27355100768030 /* Controller */ = {
			isa = PBXGroup;
			children = (
				6D8B7FD82B27362800768030 /* CharacterDetailViewController.swift */,
			);
			path = Controller;
			sourceTree = "<group>";
		};
		6D8B7FDA2B2737AF00768030 /* Coordinators */ = {
			isa = PBXGroup;
			children = (
				6D8B7FDB2B2737BD00768030 /* Coordinator.swift */,
				6D8B7FDD2B27381800768030 /* CharacterListCoordinator.swift */,
				6D8B7FDF2B27396D00768030 /* CharacterDetailPushCoordinator.swift */,
			);
			path = Coordinators;
			sourceTree = "<group>";
		};
		6D8B7FEB2B276BA100768030 /* Cache */ = {
			isa = PBXGroup;
			children = (
				6D8B7FE92B276B4D00768030 /* CacheCharacterListDataSourceType.swift */,
				6D8B7FEC2B276BAF00768030 /* SwiftDataContainer.swift */,
				6D8B7FEE2B276BC500768030 /* SwiftDataContainerType.swift */,
				6D8B7FF02B276C5100768030 /* CharacterModelData.swift */,
				6D8B7FF22B276D1900768030 /* SwiftDataCacheDataSource.swift */,
			);
			path = Cache;
			sourceTree = "<group>";
		};
/* End PBXGroup section */

/* Begin PBXNativeTarget section */
		6D8B7FA32B272A5100768030 /* RickAndMorty */ = {
			isa = PBXNativeTarget;
			buildConfigurationList = 6D8B7FB82B272A5200768030 /* Build configuration list for PBXNativeTarget "RickAndMorty" */;
			buildPhases = (
				6D8B7FA02B272A5100768030 /* Sources */,
				6D8B7FA12B272A5100768030 /* Frameworks */,
				6D8B7FA22B272A5100768030 /* Resources */,
				6D8B7FE62B2769D900768030 /* ShellScript */,
			);
			buildRules = (
			);
			dependencies = (
			);
			name = RickAndMorty;
			packageProductDependencies = (
				6D8B7FCB2B27336F00768030 /* Kingfisher */,
			);
			productName = RickAndMorty;
			productReference = 6D8B7FA42B272A5100768030 /* RickAndMorty.app */;
			productType = "com.apple.product-type.application";
		};
/* End PBXNativeTarget section */

/* Begin PBXProject section */
		6D8B7F9C2B272A5100768030 /* Project object */ = {
			isa = PBXProject;
			attributes = {
				BuildIndependentTargetsInParallel = 1;
				LastSwiftUpdateCheck = 1500;
				LastUpgradeCheck = 1500;
				TargetAttributes = {
					6D8B7FA32B272A5100768030 = {
						CreatedOnToolsVersion = 15.0.1;
					};
				};
			};
			buildConfigurationList = 6D8B7F9F2B272A5100768030 /* Build configuration list for PBXProject "RickAndMorty" */;
			compatibilityVersion = "Xcode 14.0";
			developmentRegion = en;
			hasScannedForEncodings = 0;
			knownRegions = (
				en,
				Base,
			);
			mainGroup = 6D8B7F9B2B272A5100768030;
			packageReferences = (
				6D8B7FCA2B27336F00768030 /* XCRemoteSwiftPackageReference "Kingfisher" */,
			);
			productRefGroup = 6D8B7FA52B272A5100768030 /* Products */;
			projectDirPath = "";
			projectRoot = "";
			targets = (
				6D8B7FA32B272A5100768030 /* RickAndMorty */,
			);
		};
/* End PBXProject section */

/* Begin PBXResourcesBuildPhase section */
		6D8B7FA22B272A5100768030 /* Resources */ = {
			isa = PBXResourcesBuildPhase;
			buildActionMask = 2147483647;
			files = (
				6D8B7FB42B272A5200768030 /* LaunchScreen.storyboard in Resources */,
				6D8B7FB12B272A5200768030 /* Assets.xcassets in Resources */,
				6D8B7FAF2B272A5100768030 /* Main.storyboard in Resources */,
			);
			runOnlyForDeploymentPostprocessing = 0;
		};
/* End PBXResourcesBuildPhase section */

/* Begin PBXShellScriptBuildPhase section */
		6D8B7FE62B2769D900768030 /* ShellScript */ = {
			isa = PBXShellScriptBuildPhase;
			buildActionMask = 2147483647;
			files = (
			);
			inputFileListPaths = (
			);
			inputPaths = (
			);
			outputFileListPaths = (
			);
			outputPaths = (
			);
			runOnlyForDeploymentPostprocessing = 0;
			shellPath = /bin/sh;
			shellScript = "
";
		};
/* End PBXShellScriptBuildPhase section */

/* Begin PBXSourcesBuildPhase section */
		6D8B7FA02B272A5100768030 /* Sources */ = {
			isa = PBXSourcesBuildPhase;
			buildActionMask = 2147483647;
			files = (
				6D8B7FC12B272B7C00768030 /* CharacterModelResponse.swift in Sources */,
				6D8B7FDE2B27381800768030 /* CharacterListCoordinator.swift in Sources */,
				6D8B7FED2B276BAF00768030 /* SwiftDataContainer.swift in Sources */,
				6D8B7FD92B27362800768030 /* CharacterDetailViewController.swift in Sources */,
				6D8B7FDC2B2737BD00768030 /* Coordinator.swift in Sources */,
				6D8B7FD52B27357A00768030 /* CharacterDetailView.swift in Sources */,
				6D8B7FAC2B272A5100768030 /* CharactersListViewController.swift in Sources */,
				6D8B7FC72B272D0300768030 /* CharacterListCellView.swift in Sources */,
				6D8B7FA82B272A5100768030 /* AppDelegate.swift in Sources */,
				6D8B7FEF2B276BC500768030 /* SwiftDataContainerType.swift in Sources */,
				6D8B7FC32B272B9700768030 /* CharacterModel.swift in Sources */,
				6D8B7FF32B276D1900768030 /* SwiftDataCacheDataSource.swift in Sources */,
				6D8B7FC52B272C0600768030 /* CharactersListView.swift in Sources */,
				6D8B7FCE2B2733CE00768030 /* CharacterListTableViewDelegate.swift in Sources */,
				6D8B7FEA2B276B4D00768030 /* CacheCharacterListDataSourceType.swift in Sources */,
				6D8B7FAA2B272A5100768030 /* SceneDelegate.swift in Sources */,
				6D8B7FC92B27310200768030 /* CharactersListTableViewDataSource.swift in Sources */,
				6D8B7FBF2B272A9800768030 /* APIClient.swift in Sources */,
				6D8B7FE02B27396D00768030 /* CharacterDetailPushCoordinator.swift in Sources */,
				6D8B7FF12B276C5100768030 /* CharacterModelData.swift in Sources */,
			);
			runOnlyForDeploymentPostprocessing = 0;
		};
/* End PBXSourcesBuildPhase section */

/* Begin PBXVariantGroup section */
		6D8B7FAD2B272A5100768030 /* Main.storyboard */ = {
			isa = PBXVariantGroup;
			children = (
				6D8B7FAE2B272A5100768030 /* Base */,
			);
			name = Main.storyboard;
			sourceTree = "<group>";
		};
		6D8B7FB22B272A5200768030 /* LaunchScreen.storyboard */ = {
			isa = PBXVariantGroup;
			children = (
				6D8B7FB32B272A5200768030 /* Base */,
			);
			name = LaunchScreen.storyboard;
			sourceTree = "<group>";
		};
/* End PBXVariantGroup section */

/* Begin XCBuildConfiguration section */
		6D8B7FB62B272A5200768030 /* Debug */ = {
			isa = XCBuildConfiguration;
			buildSettings = {
				ALWAYS_SEARCH_USER_PATHS = NO;
				ASSETCATALOG_COMPILER_GENERATE_SWIFT_ASSET_SYMBOL_EXTENSIONS = YES;
				CLANG_ANALYZER_NONNULL = YES;
				CLANG_ANALYZER_NUMBER_OBJECT_CONVERSION = YES_AGGRESSIVE;
				CLANG_CXX_LANGUAGE_STANDARD = "gnu++20";
				CLANG_ENABLE_MODULES = YES;
				CLANG_ENABLE_OBJC_ARC = YES;
				CLANG_ENABLE_OBJC_WEAK = YES;
				CLANG_WARN_BLOCK_CAPTURE_AUTORELEASING = YES;
				CLANG_WARN_BOOL_CONVERSION = YES;
				CLANG_WARN_COMMA = YES;
				CLANG_WARN_CONSTANT_CONVERSION = YES;
				CLANG_WARN_DEPRECATED_OBJC_IMPLEMENTATIONS = YES;
				CLANG_WARN_DIRECT_OBJC_ISA_USAGE = YES_ERROR;
				CLANG_WARN_DOCUMENTATION_COMMENTS = YES;
				CLANG_WARN_EMPTY_BODY = YES;
				CLANG_WARN_ENUM_CONVERSION = YES;
				CLANG_WARN_INFINITE_RECURSION = YES;
				CLANG_WARN_INT_CONVERSION = YES;
				CLANG_WARN_NON_LITERAL_NULL_CONVERSION = YES;
				CLANG_WARN_OBJC_IMPLICIT_RETAIN_SELF = YES;
				CLANG_WARN_OBJC_LITERAL_CONVERSION = YES;
				CLANG_WARN_OBJC_ROOT_CLASS = YES_ERROR;
				CLANG_WARN_QUOTED_INCLUDE_IN_FRAMEWORK_HEADER = YES;
				CLANG_WARN_RANGE_LOOP_ANALYSIS = YES;
				CLANG_WARN_STRICT_PROTOTYPES = YES;
				CLANG_WARN_SUSPICIOUS_MOVE = YES;
				CLANG_WARN_UNGUARDED_AVAILABILITY = YES_AGGRESSIVE;
				CLANG_WARN_UNREACHABLE_CODE = YES;
				CLANG_WARN__DUPLICATE_METHOD_MATCH = YES;
				COPY_PHASE_STRIP = NO;
				DEBUG_INFORMATION_FORMAT = dwarf;
				ENABLE_STRICT_OBJC_MSGSEND = YES;
				ENABLE_TESTABILITY = YES;
				ENABLE_USER_SCRIPT_SANDBOXING = YES;
				GCC_C_LANGUAGE_STANDARD = gnu17;
				GCC_DYNAMIC_NO_PIC = NO;
				GCC_NO_COMMON_BLOCKS = YES;
				GCC_OPTIMIZATION_LEVEL = 0;
				GCC_PREPROCESSOR_DEFINITIONS = (
					"DEBUG=1",
					"$(inherited)",
				);
				GCC_WARN_64_TO_32_BIT_CONVERSION = YES;
				GCC_WARN_ABOUT_RETURN_TYPE = YES_ERROR;
				GCC_WARN_UNDECLARED_SELECTOR = YES;
				GCC_WARN_UNINITIALIZED_AUTOS = YES_AGGRESSIVE;
				GCC_WARN_UNUSED_FUNCTION = YES;
				GCC_WARN_UNUSED_VARIABLE = YES;
				IPHONEOS_DEPLOYMENT_TARGET = 17.0;
				LOCALIZATION_PREFERS_STRING_CATALOGS = YES;
				MTL_ENABLE_DEBUG_INFO = INCLUDE_SOURCE;
				MTL_FAST_MATH = YES;
				ONLY_ACTIVE_ARCH = YES;
				SDKROOT = iphoneos;
				SWIFT_ACTIVE_COMPILATION_CONDITIONS = "DEBUG $(inherited)";
				SWIFT_OPTIMIZATION_LEVEL = "-Onone";
			};
			name = Debug;
		};
		6D8B7FB72B272A5200768030 /* Release */ = {
			isa = XCBuildConfiguration;
			buildSettings = {
				ALWAYS_SEARCH_USER_PATHS = NO;
				ASSETCATALOG_COMPILER_GENERATE_SWIFT_ASSET_SYMBOL_EXTENSIONS = YES;
				CLANG_ANALYZER_NONNULL = YES;
				CLANG_ANALYZER_NUMBER_OBJECT_CONVERSION = YES_AGGRESSIVE;
				CLANG_CXX_LANGUAGE_STANDARD = "gnu++20";
				CLANG_ENABLE_MODULES = YES;
				CLANG_ENABLE_OBJC_ARC = YES;
				CLANG_ENABLE_OBJC_WEAK = YES;
				CLANG_WARN_BLOCK_CAPTURE_AUTORELEASING = YES;
				CLANG_WARN_BOOL_CONVERSION = YES;
				CLANG_WARN_COMMA = YES;
				CLANG_WARN_CONSTANT_CONVERSION = YES;
				CLANG_WARN_DEPRECATED_OBJC_IMPLEMENTATIONS = YES;
				CLANG_WARN_DIRECT_OBJC_ISA_USAGE = YES_ERROR;
				CLANG_WARN_DOCUMENTATION_COMMENTS = YES;
				CLANG_WARN_EMPTY_BODY = YES;
				CLANG_WARN_ENUM_CONVERSION = YES;
				CLANG_WARN_INFINITE_RECURSION = YES;
				CLANG_WARN_INT_CONVERSION = YES;
				CLANG_WARN_NON_LITERAL_NULL_CONVERSION = YES;
				CLANG_WARN_OBJC_IMPLICIT_RETAIN_SELF = YES;
				CLANG_WARN_OBJC_LITERAL_CONVERSION = YES;
				CLANG_WARN_OBJC_ROOT_CLASS = YES_ERROR;
				CLANG_WARN_QUOTED_INCLUDE_IN_FRAMEWORK_HEADER = YES;
				CLANG_WARN_RANGE_LOOP_ANALYSIS = YES;
				CLANG_WARN_STRICT_PROTOTYPES = YES;
				CLANG_WARN_SUSPICIOUS_MOVE = YES;
				CLANG_WARN_UNGUARDED_AVAILABILITY = YES_AGGRESSIVE;
				CLANG_WARN_UNREACHABLE_CODE = YES;
				CLANG_WARN__DUPLICATE_METHOD_MATCH = YES;
				COPY_PHASE_STRIP = NO;
				DEBUG_INFORMATION_FORMAT = "dwarf-with-dsym";
				ENABLE_NS_ASSERTIONS = NO;
				ENABLE_STRICT_OBJC_MSGSEND = YES;
				ENABLE_USER_SCRIPT_SANDBOXING = YES;
				GCC_C_LANGUAGE_STANDARD = gnu17;
				GCC_NO_COMMON_BLOCKS = YES;
				GCC_WARN_64_TO_32_BIT_CONVERSION = YES;
				GCC_WARN_ABOUT_RETURN_TYPE = YES_ERROR;
				GCC_WARN_UNDECLARED_SELECTOR = YES;
				GCC_WARN_UNINITIALIZED_AUTOS = YES_AGGRESSIVE;
				GCC_WARN_UNUSED_FUNCTION = YES;
				GCC_WARN_UNUSED_VARIABLE = YES;
				IPHONEOS_DEPLOYMENT_TARGET = 17.0;
				LOCALIZATION_PREFERS_STRING_CATALOGS = YES;
				MTL_ENABLE_DEBUG_INFO = NO;
				MTL_FAST_MATH = YES;
				SDKROOT = iphoneos;
				SWIFT_COMPILATION_MODE = wholemodule;
				VALIDATE_PRODUCT = YES;
			};
			name = Release;
		};
		6D8B7FB92B272A5200768030 /* Debug */ = {
			isa = XCBuildConfiguration;
			buildSettings = {
				ASSETCATALOG_COMPILER_APPICON_NAME = AppIcon;
				ASSETCATALOG_COMPILER_GLOBAL_ACCENT_COLOR_NAME = AccentColor;
				CODE_SIGN_STYLE = Automatic;
				CURRENT_PROJECT_VERSION = 1;
				DEVELOPMENT_TEAM = 648JG79GLR;
				GENERATE_INFOPLIST_FILE = YES;
				INFOPLIST_FILE = RickAndMorty/Info.plist;
				INFOPLIST_KEY_UIApplicationSupportsIndirectInputEvents = YES;
				INFOPLIST_KEY_UILaunchStoryboardName = LaunchScreen;
				INFOPLIST_KEY_UIMainStoryboardFile = Main;
				INFOPLIST_KEY_UISupportedInterfaceOrientations_iPad = "UIInterfaceOrientationPortrait UIInterfaceOrientationPortraitUpsideDown UIInterfaceOrientationLandscapeLeft UIInterfaceOrientationLandscapeRight";
				INFOPLIST_KEY_UISupportedInterfaceOrientations_iPhone = "UIInterfaceOrientationPortrait UIInterfaceOrientationLandscapeLeft UIInterfaceOrientationLandscapeRight";
				LD_RUNPATH_SEARCH_PATHS = (
					"$(inherited)",
					"@executable_path/Frameworks",
				);
				MARKETING_VERSION = 1.0;
				PRODUCT_BUNDLE_IDENTIFIER = com.edguitian.RickAndMorty;
				PRODUCT_NAME = "$(TARGET_NAME)";
				SWIFT_EMIT_LOC_STRINGS = YES;
				SWIFT_VERSION = 5.0;
				TARGETED_DEVICE_FAMILY = "1,2";
			};
			name = Debug;
		};
		6D8B7FBA2B272A5200768030 /* Release */ = {
			isa = XCBuildConfiguration;
			buildSettings = {
				ASSETCATALOG_COMPILER_APPICON_NAME = AppIcon;
				ASSETCATALOG_COMPILER_GLOBAL_ACCENT_COLOR_NAME = AccentColor;
				CODE_SIGN_STYLE = Automatic;
				CURRENT_PROJECT_VERSION = 1;
				DEVELOPMENT_TEAM = 648JG79GLR;
				GENERATE_INFOPLIST_FILE = YES;
				INFOPLIST_FILE = RickAndMorty/Info.plist;
				INFOPLIST_KEY_UIApplicationSupportsIndirectInputEvents = YES;
				INFOPLIST_KEY_UILaunchStoryboardName = LaunchScreen;
				INFOPLIST_KEY_UIMainStoryboardFile = Main;
				INFOPLIST_KEY_UISupportedInterfaceOrientations_iPad = "UIInterfaceOrientationPortrait UIInterfaceOrientationPortraitUpsideDown UIInterfaceOrientationLandscapeLeft UIInterfaceOrientationLandscapeRight";
				INFOPLIST_KEY_UISupportedInterfaceOrientations_iPhone = "UIInterfaceOrientationPortrait UIInterfaceOrientationLandscapeLeft UIInterfaceOrientationLandscapeRight";
				LD_RUNPATH_SEARCH_PATHS = (
					"$(inherited)",
					"@executable_path/Frameworks",
				);
				MARKETING_VERSION = 1.0;
				PRODUCT_BUNDLE_IDENTIFIER = com.edguitian.RickAndMorty;
				PRODUCT_NAME = "$(TARGET_NAME)";
				SWIFT_EMIT_LOC_STRINGS = YES;
				SWIFT_VERSION = 5.0;
				TARGETED_DEVICE_FAMILY = "1,2";
			};
			name = Release;
		};
/* End XCBuildConfiguration section */

/* Begin XCConfigurationList section */
		6D8B7F9F2B272A5100768030 /* Build configuration list for PBXProject "RickAndMorty" */ = {
			isa = XCConfigurationList;
			buildConfigurations = (
				6D8B7FB62B272A5200768030 /* Debug */,
				6D8B7FB72B272A5200768030 /* Release */,
			);
			defaultConfigurationIsVisible = 0;
			defaultConfigurationName = Release;
		};
		6D8B7FB82B272A5200768030 /* Build configuration list for PBXNativeTarget "RickAndMorty" */ = {
			isa = XCConfigurationList;
			buildConfigurations = (
				6D8B7FB92B272A5200768030 /* Debug */,
				6D8B7FBA2B272A5200768030 /* Release */,
			);
			defaultConfigurationIsVisible = 0;
			defaultConfigurationName = Release;
		};
/* End XCConfigurationList section */

/* Begin XCRemoteSwiftPackageReference section */
		6D8B7FCA2B27336F00768030 /* XCRemoteSwiftPackageReference "Kingfisher" */ = {
			isa = XCRemoteSwiftPackageReference;
			repositoryURL = "https://github.com/onevcat/Kingfisher";
			requirement = {
				kind = upToNextMajorVersion;
				minimumVersion = 7.10.1;
			};
		};
/* End XCRemoteSwiftPackageReference section */

/* Begin XCSwiftPackageProductDependency section */
		6D8B7FCB2B27336F00768030 /* Kingfisher */ = {
			isa = XCSwiftPackageProductDependency;
			package = 6D8B7FCA2B27336F00768030 /* XCRemoteSwiftPackageReference "Kingfisher" */;
			productName = Kingfisher;
		};
/* End XCSwiftPackageProductDependency section */
	};
	rootObject = 6D8B7F9C2B272A5100768030 /* Project object */;
}
